
Microsoft Visual Studio Solution File, Format Version 12.00
# Visual Studio 15
VisualStudioVersion = 15.0.28307.136
MinimumVisualStudioVersion = 10.0.40219.1
Project("{FAE04EC0-301F-11D3-BF4B-00C04F79EFBC}") = "SpecFlowStudy.UiTests.WebDriverTests", "SpecFlowStudy.UiTests.WebDriverTests\SpecFlowStudy.UiTests.WebDriverTests.csproj", "{DB9613E1-C208-4621-96F9-BBA4A733BCCE}"
EndProject
Project("{FAE04EC0-301F-11D3-BF4B-00C04F79EFBC}") = "SpecFlowStudy.UiTests.CommonTools", "SpecFlowStudy.UiTests.CommonTools\SpecFlowStudy.UiTests.CommonTools.csproj", "{E719116B-3684-41FE-9DCE-1B4D724B523D}"
EndProject
Global
	GlobalSection(SolutionConfigurationPlatforms) = preSolution
		Debug|Any CPU = Debug|Any CPU
		Release|Any CPU = Release|Any CPU
	EndGlobalSection
	GlobalSection(ProjectConfigurationPlatforms) = postSolution
		{DB9613E1-C208-4621-96F9-BBA4A733BCCE}.Debug|Any CPU.ActiveCfg = Debug|Any CPU
		{DB9613E1-C208-4621-96F9-BBA4A733BCCE}.Debug|Any CPU.Build.0 = Debug|Any CPU
		{DB9613E1-C208-4621-96F9-BBA4A733BCCE}.Release|Any CPU.ActiveCfg = Release|Any CPU
		{DB9613E1-C208-4621-96F9-BBA4A733BCCE}.Release|Any CPU.Build.0 = Release|Any CPU
		{E719116B-3684-41FE-9DCE-1B4D724B523D}.Debug|Any CPU.ActiveCfg = Debug|Any CPU
		{E719116B-3684-41FE-9DCE-1B4D724B523D}.Debug|Any CPU.Build.0 = Debug|Any CPU
		{E719116B-3684-41FE-9DCE-1B4D724B523D}.Release|Any CPU.ActiveCfg = Release|Any CPU
		{E719116B-3684-41FE-9DCE-1B4D724B523D}.Release|Any CPU.Build.0 = Release|Any CPU
	EndGlobalSection
	GlobalSection(SolutionProperties) = preSolution
		HideSolutionNode = FALSE
	EndGlobalSection
	GlobalSection(ExtensibilityGlobals) = postSolution
		SolutionGuid = {4CF17748-5257-47A3-8576-23052085A291}
	EndGlobalSection
EndGlobal
